
Microsoft Visual Studio Solution File, Format Version 12.00
Project("{FAE04EC0-301F-11D3-BF4B-00C04F79EFBC}") = "Cve.Mitre", "Cve.Mitre\Cve.Mitre.csproj", "{1C5CA6F6-B33F-4B73-AF94-A744ABDF4508}"
EndProject
Project("{FAE04EC0-301F-11D3-BF4B-00C04F79EFBC}") = "Cve.Mitre.Models", "Cve.Mitre.Models\Cve.Mitre.Models.csproj", "{C6720B5C-1708-48A3-B408-70F786263A7C}"
EndProject
Global
	GlobalSection(SolutionConfigurationPlatforms) = preSolution
		Debug|Any CPU = Debug|Any CPU
		Release|Any CPU = Release|Any CPU
	EndGlobalSection
	GlobalSection(ProjectConfigurationPlatforms) = postSolution
		{1C5CA6F6-B33F-4B73-AF94-A744ABDF4508}.Debug|Any CPU.ActiveCfg = Debug|Any CPU
		{1C5CA6F6-B33F-4B73-AF94-A744ABDF4508}.Debug|Any CPU.Build.0 = Debug|Any CPU
		{1C5CA6F6-B33F-4B73-AF94-A744ABDF4508}.Release|Any CPU.ActiveCfg = Release|Any CPU
		{1C5CA6F6-B33F-4B73-AF94-A744ABDF4508}.Release|Any CPU.Build.0 = Release|Any CPU
		{C6720B5C-1708-48A3-B408-70F786263A7C}.Debug|Any CPU.ActiveCfg = Debug|Any CPU
		{C6720B5C-1708-48A3-B408-70F786263A7C}.Debug|Any CPU.Build.0 = Debug|Any CPU
		{C6720B5C-1708-48A3-B408-70F786263A7C}.Release|Any CPU.ActiveCfg = Release|Any CPU
		{C6720B5C-1708-48A3-B408-70F786263A7C}.Release|Any CPU.Build.0 = Release|Any CPU
	EndGlobalSection
	GlobalSection(NestedProjects) = preSolution
	EndGlobalSection
EndGlobal
